
Microsoft Visual Studio Solution File, Format Version 12.00
# Visual Studio Version 17
VisualStudioVersion = 17.2.32616.157
MinimumVisualStudioVersion = 10.0.40219.1
Project("{FAE04EC0-301F-11D3-BF4B-00C04F79EFBC}") = "Lab11", "Lab11\Lab11.csproj", "{31579779-69CF-4C04-A063-B6519245F496}"
EndProject
Global
	GlobalSection(SolutionConfigurationPlatforms) = preSolution
		Debug|Any CPU = Debug|Any CPU
		Release|Any CPU = Release|Any CPU
	EndGlobalSection
	GlobalSection(ProjectConfigurationPlatforms) = postSolution
		{31579779-69CF-4C04-A063-B6519245F496}.Debug|Any CPU.ActiveCfg = Debug|Any CPU
		{31579779-69CF-4C04-A063-B6519245F496}.Debug|Any CPU.Build.0 = Debug|Any CPU
		{31579779-69CF-4C04-A063-B6519245F496}.Release|Any CPU.ActiveCfg = Release|Any CPU
		{31579779-69CF-4C04-A063-B6519245F496}.Release|Any CPU.Build.0 = Release|Any CPU
	EndGlobalSection
	GlobalSection(SolutionProperties) = preSolution
		HideSolutionNode = FALSE
	EndGlobalSection
	GlobalSection(ExtensibilityGlobals) = postSolution
		SolutionGuid = {50CF9C85-3EEE-4606-BC51-BEA3E8D9AC33}
	EndGlobalSection
EndGlobal
